<?xml version="1.0" encoding="utf-8"?>
<Project ToolsVersion="4.0" xmlns="http://schemas.microsoft.com/developer/msbuild/2003">
  <ItemGroup>
    <ClInclude Include="GraphicMgr.h" />
    <ClInclude Include="GraphicUtils.h" />
    <ClInclude Include="ColorPalette.h" />
    <ClInclude Include="IPresentable.h" />
    <ClInclude Include="Grid3DCoordSys.h" />
    <ClInclude Include="KmlMgr.h">
      <Filter>FileManagers\KML</Filter>
    </ClInclude>
    <ClInclude Include="Region.h">
      <Filter>FileManagers\KML</Filter>
    </ClInclude>
    <ClInclude Include="Vectorizator.h">
      <Filter>Geometry</Filter>
    </ClInclude>
    <ClInclude Include="DataVisualizationException.h" />
    <ClInclude Include="Geometry.hpp">
      <Filter>Geometry</Filter>
    </ClInclude>
  </ItemGroup>
  <ItemGroup>
    <ClCompile Include="GraphicMgr.cpp" />
    <ClCompile Include="GraphicUtils.cpp" />
    <ClCompile Include="ColorPalette.cpp" />
    <ClCompile Include="Grid3DCoordSys.cpp" />
    <ClCompile Include="KmlMgr.cpp">
      <Filter>FileManagers\KML</Filter>
    </ClCompile>
    <ClCompile Include="Region.cpp">
      <Filter>FileManagers\KML</Filter>
    </ClCompile>
    <ClCompile Include="Vectorizator.cpp">
      <Filter>Geometry</Filter>
    </ClCompile>
  </ItemGroup>
  <ItemGroup>
    <Filter Include="Geometry">
      <UniqueIdentifier>{83fc055f-1d91-49e1-80be-3f499416c378}</UniqueIdentifier>
    </Filter>
    <Filter Include="FileManagers">
      <UniqueIdentifier>{f3ec78be-e33e-43a7-ac05-56ca61d37663}</UniqueIdentifier>
    </Filter>
    <Filter Include="FileManagers\KML">
      <UniqueIdentifier>{ece6ed7a-a078-428d-8c16-8eddebe7ea37}</UniqueIdentifier>
    </Filter>
  </ItemGroup>
</Project>