<?xml version="1.0" encoding="utf-8"?>
<Project ToolsVersion="4.0" xmlns="http://schemas.microsoft.com/developer/msbuild/2003">
  <ItemGroup>
    <ClCompile Include="GpuDevice.cpp">
      <Filter>GpuDevice</Filter>
    </ClCompile>
    <ClCompile Include="GpuDeviceFactory.cpp">
      <Filter>GpuDevice</Filter>
    </ClCompile>
    <ClCompile Include="HostDataPrinter.hpp">
      <Filter>Utils</Filter>
    </ClCompile>
    <ClCompile Include="Vectors.hpp">
      <Filter>Vectors</Filter>
    </ClCompile>
  </ItemGroup>
  <ItemGroup>
    <ClInclude Include="GpuDevice.hpp">
      <Filter>GpuDevice</Filter>
    </ClInclude>
    <ClInclude Include="GpuDeviceFactory.h">
      <Filter>GpuDevice</Filter>
    </ClInclude>
    <ClInclude Include="HostData.hpp">
      <Filter>Data</Filter>
    </ClInclude>
    <ClInclude Include="SonsodeCommon.h">
      <Filter>Common</Filter>
    </ClInclude>
  </ItemGroup>
  <ItemGroup>
    <Filter Include="GpuDevice">
      <UniqueIdentifier>{2b69689e-6071-47fa-8340-4b8b8a12304e}</UniqueIdentifier>
    </Filter>
    <Filter Include="Common">
      <UniqueIdentifier>{1c2ffca3-869c-4ec3-ae98-c86d5d915173}</UniqueIdentifier>
    </Filter>
    <Filter Include="Data">
      <UniqueIdentifier>{ec9d2632-fddf-4c0b-8dbb-2b8f45ee91c5}</UniqueIdentifier>
    </Filter>
    <Filter Include="Utils">
      <UniqueIdentifier>{fe4ac1b3-ca09-4930-822f-8ee575d44dbb}</UniqueIdentifier>
    </Filter>
    <Filter Include="Sonsode">
      <UniqueIdentifier>{b012f273-7f79-4450-9d62-068e15a11d6b}</UniqueIdentifier>
    </Filter>
    <Filter Include="Sonsode\FunctionsLib">
      <UniqueIdentifier>{2b16b434-0d7c-4ea7-9c21-95770634be2b}</UniqueIdentifier>
    </Filter>
    <Filter Include="Sonsode\Kernels">
      <UniqueIdentifier>{6770b200-4d19-450d-a298-9a5feb691be4}</UniqueIdentifier>
    </Filter>
    <Filter Include="Vectors">
      <UniqueIdentifier>{bcbfc379-a8a1-4ccc-ae9b-d5d8314806f8}</UniqueIdentifier>
    </Filter>
  </ItemGroup>
  <ItemGroup>
    <CudaCompile Include="DeviceData.cu">
      <Filter>Data</Filter>
    </CudaCompile>
    <CudaCompile Include="SweepFactors.cu">
      <Filter>Sonsode</Filter>
    </CudaCompile>
    <CudaCompile Include="Kernels_ExplicitGaussSeidel.cu">
      <Filter>Sonsode\Kernels</Filter>
    </CudaCompile>
    <CudaCompile Include="Kernels_ImplicitSweep.cu">
      <Filter>Sonsode\Kernels</Filter>
    </CudaCompile>
    <CudaCompile Include="SonsodeFunctionsLib.cu">
      <Filter>Sonsode\FunctionsLib</Filter>
    </CudaCompile>
    <CudaCompile Include="Kernels_BoundaryConditions.cu">
      <Filter>Sonsode\Kernels</Filter>
    </CudaCompile>
  </ItemGroup>
</Project>